{
  "nodes": {
    "nixpkgs": {
      "locked": {
        "lastModified": 1722750712,
        "narHash": "sha256-pZPJR7VjC75x9/nvhh4xXUklv4F+sBkIhCUFmjjMe5E=",
        "owner": "NixOS",
        "repo": "nixpkgs",
        "rev": "8d04d99e7d97e004f76928583f05a9100d455148",
        "type": "github"
      },
      "original": {
        "owner": "NixOS",
        "repo": "nixpkgs",
        "type": "github"
      }
    },
    "root": {
      "inputs": {
        "nixpkgs": "nixpkgs"
      }
    }
  },
  "root": "root",
  "version": 7
}
